Microsoft Visual Studio Solution File, Format Version 12.00
# Visual Studio 15
VisualStudioVersion = 15.0.26430.14
MinimumVisualStudioVersion = 10.0.40219.1
Project("{FAE04EC0-301F-11D3-BF4B-00C04F79EFBC}") = "YouTubeSearch.Standard", "YouTubeSearch.Standard/YouTubeSearch.Standard.csproj", "{8f199498-bce6-4cec-9233-f82858b6b12b}"
EndProject
Global
    GlobalSection(SolutionConfigurationPlatforms) = preSolution
        Debug|Any CPU = Debug|Any CPU
        Release|Any CPU = Release|Any CPU
    EndGlobalSection
    GlobalSection(ProjectConfigurationPlatforms) = postSolution
        {8f199498-bce6-4cec-9233-f82858b6b12b}.Debug|Any CPU.ActiveCfg = Debug|Any CPU
        {8f199498-bce6-4cec-9233-f82858b6b12b}.Debug|Any CPU.Build.0 = Debug|Any CPU
        {8f199498-bce6-4cec-9233-f82858b6b12b}.Release|Any CPU.ActiveCfg = Release|Any CPU
        {8f199498-bce6-4cec-9233-f82858b6b12b}.Release|Any CPU.Build.0 = Release|Any CPU
    EndGlobalSection
    GlobalSection(SolutionProperties) = preSolution
        HideSolutionNode = FALSE
    EndGlobalSection
EndGlobal
